
Microsoft Visual Studio Solution File, Format Version 12.00
# Visual Studio Version 16
VisualStudioVersion = 16.0.30907.101
MinimumVisualStudioVersion = 10.0.40219.1
Project("{FAE04EC0-301F-11D3-BF4B-00C04F79EFBC}") = "YouTube Ad Stripper", "YouTube Ad Stripper\YouTube Ad Stripper.csproj", "{C8998DB6-3C02-4F98-B1D3-A92978E0113A}"
EndProject
Global
	GlobalSection(SolutionConfigurationPlatforms) = preSolution
		Debug|Any CPU = Debug|Any CPU
		Release|Any CPU = Release|Any CPU
	EndGlobalSection
	GlobalSection(ProjectConfigurationPlatforms) = postSolution
		{C8998DB6-3C02-4F98-B1D3-A92978E0113A}.Debug|Any CPU.ActiveCfg = Debug|Any CPU
		{C8998DB6-3C02-4F98-B1D3-A92978E0113A}.Debug|Any CPU.Build.0 = Debug|Any CPU
		{C8998DB6-3C02-4F98-B1D3-A92978E0113A}.Release|Any CPU.ActiveCfg = Release|Any CPU
		{C8998DB6-3C02-4F98-B1D3-A92978E0113A}.Release|Any CPU.Build.0 = Release|Any CPU
	EndGlobalSection
	GlobalSection(SolutionProperties) = preSolution
		HideSolutionNode = FALSE
	EndGlobalSection
	GlobalSection(ExtensibilityGlobals) = postSolution
		SolutionGuid = {4FDCBEAB-DFD0-4581-9F42-8FE200E75FCB}
	EndGlobalSection
EndGlobal
